<?xml version="1.0" encoding="utf-8"?>
<Project ToolsVersion="4.0" xmlns="http://schemas.microsoft.com/developer/msbuild/2003">
  <ItemGroup>
    <Filter Include="ソース ファイル">
      <UniqueIdentifier>{4FC737F1-C7A5-4376-A066-2A32D752A2FF}</UniqueIdentifier>
      <Extensions>cpp;c;cc;cxx;c++;cppm;ixx;def;odl;idl;hpj;bat;asm;asmx</Extensions>
    </Filter>
    <Filter Include="リソース ファイル">
      <UniqueIdentifier>{67DA6AB6-F800-4c08-8B7A-83BB121AAD01}</UniqueIdentifier>
      <Extensions>rc;ico;cur;bmp;dlg;rc2;rct;bin;rgs;gif;jpg;jpeg;jpe;resx;tiff;tif;png;wav;mfcribbon-ms</Extensions>
    </Filter>
    <Filter Include="ソース ファイル\Scene">
      <UniqueIdentifier>{0dcf213f-0c48-40c0-8bd5-5cbeecbc71a4}</UniqueIdentifier>
    </Filter>
    <Filter Include="ソース ファイル\Scene\Play">
      <UniqueIdentifier>{76e5f823-4bd5-44b3-9faa-4726c2eb8665}</UniqueIdentifier>
    </Filter>
    <Filter Include="ソース ファイル\Scene\Title">
      <UniqueIdentifier>{c9ddfa44-8a32-4f04-8b97-b3e7d0af51a0}</UniqueIdentifier>
    </Filter>
    <Filter Include="ソース ファイル\Scene\Result">
      <UniqueIdentifier>{b5a4164f-15e6-4cad-829a-b4e6c3ed215c}</UniqueIdentifier>
    </Filter>
    <Filter Include="ヘッダー ファイル">
      <UniqueIdentifier>{93995380-89BD-4b04-88EB-625FBE52EBFB}</UniqueIdentifier>
      <Extensions>h;hh;hpp;hxx;h++;hm;inl;inc;ipp;xsd</Extensions>
    </Filter>
    <Filter Include="ソース ファイル\Math">
      <UniqueIdentifier>{c997d6eb-3252-4139-b649-9d7e759d0d32}</UniqueIdentifier>
    </Filter>
    <Filter Include="ソース ファイル\Chara">
      <UniqueIdentifier>{949a8343-a9cd-4353-9589-e7c82d965a6f}</UniqueIdentifier>
    </Filter>
    <Filter Include="ソース ファイル\Chara\FarATK">
      <UniqueIdentifier>{63df8e59-d783-47e8-bd9c-e09e9a0d8153}</UniqueIdentifier>
    </Filter>
    <Filter Include="ソース ファイル\Chara\FarATK\Sniper">
      <UniqueIdentifier>{817d353b-8da4-4662-a909-d6b57229f197}</UniqueIdentifier>
    </Filter>
    <Filter Include="ソース ファイル\Chara\NearATK">
      <UniqueIdentifier>{d0dc208f-edb0-4202-8b34-f42e9bf90660}</UniqueIdentifier>
    </Filter>
    <Filter Include="ソース ファイル\Chara\NearATK\Player">
      <UniqueIdentifier>{7d7c460b-a58b-4ed3-b77c-e4f22c612f18}</UniqueIdentifier>
    </Filter>
  </ItemGroup>
  <ItemGroup>
    <ClCompile Include="SourceCode\Main.cpp">
      <Filter>ソース ファイル</Filter>
    </ClCompile>
    <ClCompile Include="SourceCode\SceneBase.cpp">
      <Filter>ソース ファイル\Scene</Filter>
    </ClCompile>
    <ClCompile Include="SourceCode\SceneManager.cpp">
      <Filter>ソース ファイル\Scene</Filter>
    </ClCompile>
    <ClCompile Include="SourceCode\Play.cpp">
      <Filter>ソース ファイル\Scene\Play</Filter>
    </ClCompile>
    <ClCompile Include="SourceCode\Title.cpp">
      <Filter>ソース ファイル\Scene\Title</Filter>
    </ClCompile>
    <ClCompile Include="SourceCode\Result.cpp">
      <Filter>ソース ファイル\Scene\Result</Filter>
    </ClCompile>
    <ClCompile Include="SourceCode\TimeManager.cpp">
      <Filter>ソース ファイル</Filter>
    </ClCompile>
    <ClCompile Include="SourceCode\Player.cpp">
      <Filter>ソース ファイル\Chara\NearATK\Player</Filter>
    </ClCompile>
    <ClCompile Include="SourceCode\Math.cpp">
      <Filter>ソース ファイル\Math</Filter>
    </ClCompile>
    <ClCompile Include="SourceCode\Sniper.cpp">
      <Filter>ソース ファイル\Chara\FarATK\Sniper</Filter>
    </ClCompile>
  </ItemGroup>
  <ItemGroup>
    <ClInclude Include="SourceCode\SceneBase.h">
      <Filter>ソース ファイル\Scene</Filter>
    </ClInclude>
    <ClInclude Include="SourceCode\SceneManager.h">
      <Filter>ソース ファイル\Scene</Filter>
    </ClInclude>
    <ClInclude Include="SourceCode\Play.h">
      <Filter>ソース ファイル\Scene\Play</Filter>
    </ClInclude>
    <ClInclude Include="SourceCode\Title.h">
      <Filter>ソース ファイル\Scene\Title</Filter>
    </ClInclude>
    <ClInclude Include="SourceCode\Result.h">
      <Filter>ソース ファイル\Scene\Result</Filter>
    </ClInclude>
    <ClInclude Include="SourceCode\TimeManager.h">
      <Filter>ヘッダー ファイル</Filter>
    </ClInclude>
    <ClInclude Include="SourceCode\Player.h">
      <Filter>ソース ファイル\Chara\NearATK\Player</Filter>
    </ClInclude>
    <ClInclude Include="SourceCode\Math.h">
      <Filter>ソース ファイル\Math</Filter>
    </ClInclude>
    <ClInclude Include="SourceCode\Sniper.h">
      <Filter>ソース ファイル\Chara\FarATK\Sniper</Filter>
    </ClInclude>
  </ItemGroup>
</Project>